{
  "name": "react-planner-export-poc",
  "version": "0.0.0",
  "lockfileVersion": 3,
  "requires": true,
  "packages": {
    "": {
      "name": "react-planner-export-poc",
      "version": "0.0.0",
      "dependencies": {
        "@gltf-transform/core": "^4.2.1",
        "three": "^0.160.0"
      }
    },
    "node_modules/@gltf-transform/core": {
      "version": "4.2.1",
      "resolved": "https://registry.npmmirror.com/@gltf-transform/core/-/core-4.2.1.tgz",
      "integrity": "sha512-qKhrQ29KJ9K6sz7xGoGRllqPBlROjPJMQPvCLBOfgMPH3S/Ph5E0e6fD5WmwTY5QPyBsDMRqKd1Vl0ncThTXGw==",
      "license": "MIT",
      "dependencies": {
        "property-graph": "^3.0.0"
      },
      "funding": {
        "url": "https://github.com/sponsors/donmccurdy"
      }
    },
    "node_modules/property-graph": {
      "version": "3.0.0",
      "resolved": "https://registry.npmmirror.com/property-graph/-/property-graph-3.0.0.tgz",
      "integrity": "sha512-TnzxUsttmGtw+OiU0LDw+0FlMbJ8vV8pOjyDI7+Kdni4Tj0hW5BFh7TatQu7Y68hcvvFmiFOHilKShsA4R82fA==",
      "license": "MIT"
    },
    "node_modules/three": {
      "version": "0.160.1",
      "resolved": "https://registry.npmmirror.com/three/-/three-0.160.1.tgz",
      "integrity": "sha512-Bgl2wPJypDOZ1stAxwfWAcJ0WQf7QzlptsxkjYiURPz+n5k4RBDLsq+6f9Y75TYxn6aHLcWz+JNmwTOXWrQTBQ==",
      "license": "MIT"
    }
  }
}
