lockfileVersion: '9.0'

settings:
  autoInstallPeers: true
  excludeLinksFromLockfile: false

importers:

  .:
    dependencies:
      '@gltf-transform/core':
        specifier: ^4.2.1
        version: 4.2.1
      three:
        specifier: ^0.160.0
        version: 0.160.1

packages:

  '@gltf-transform/core@4.2.1':
    resolution: {integrity: sha512-qKhrQ29KJ9K6sz7xGoGRllqPBlROjPJMQPvCLBOfgMPH3S/Ph5E0e6fD5WmwTY5QPyBsDMRqKd1Vl0ncThTXGw==}

  property-graph@3.0.0:
    resolution: {integrity: sha512-TnzxUsttmGtw+OiU0LDw+0FlMbJ8vV8pOjyDI7+Kdni4Tj0hW5BFh7TatQu7Y68hcvvFmiFOHilKShsA4R82fA==}

  three@0.160.1:
    resolution: {integrity: sha512-Bgl2wPJypDOZ1stAxwfWAcJ0WQf7QzlptsxkjYiURPz+n5k4RBDLsq+6f9Y75TYxn6aHLcWz+JNmwTOXWrQTBQ==}

snapshots:

  '@gltf-transform/core@4.2.1':
    dependencies:
      property-graph: 3.0.0

  property-graph@3.0.0: {}

  three@0.160.1: {}
